// !$*UTF8*$!
{
	archiveVersion = 1;
	classes = {
	};
	objectVersion = 51;
	objects = {

/* Begin PBXBuildFile section */
		6D0E3D59234B7BA983CF022B /* Pods_COVIDtracker.framework in Frameworks */ = {isa = PBXBuildFile; fileRef = DBDCD325D99AFBBEAC8A3A22 /* Pods_COVIDtracker.framework */; };
		F510F18524224195006A628F /* Default-568h@2x.png in Resources */ = {isa = PBXBuildFile; fileRef = F510F18424224195006A628F /* Default-568h@2x.png */; };
		F510F1872423FAC2006A628F /* IndiaDetailCell.xib in Resources */ = {isa = PBXBuildFile; fileRef = F510F1862423FAC2006A628F /* IndiaDetailCell.xib */; };
		F510F1892423FAE1006A628F /* IndiaDetailCell.swift in Sources */ = {isa = PBXBuildFile; fileRef = F510F1882423FAE1006A628F /* IndiaDetailCell.swift */; };
		F53B87EB2444555D00330305 /* IndiaTableViewController.swift in Sources */ = {isa = PBXBuildFile; fileRef = F53B87EA2444555D00330305 /* IndiaTableViewController.swift */; };
		F53B87ED24445B3800330305 /* StateData.swift in Sources */ = {isa = PBXBuildFile; fileRef = F53B87EC24445B3800330305 /* StateData.swift */; };
		F55AB79C242FF1C2000291D8 /* Countries.swift in Sources */ = {isa = PBXBuildFile; fileRef = F55AB79B242FF1C2000291D8 /* Countries.swift */; };
		F55AB79E242FF31F000291D8 /* SearchTableViewController.swift in Sources */ = {isa = PBXBuildFile; fileRef = F55AB79D242FF31F000291D8 /* SearchTableViewController.swift */; };
		F55AB7A02430B996000291D8 /* CountryTableViewController.swift in Sources */ = {isa = PBXBuildFile; fileRef = F55AB79F2430B996000291D8 /* CountryTableViewController.swift */; };
		F55AB7A42430C488000291D8 /* CountryData.swift in Sources */ = {isa = PBXBuildFile; fileRef = F55AB7A32430C488000291D8 /* CountryData.swift */; };
		F59D38E823980FC0008016B7 /* PetitionTableViewCell.xib in Resources */ = {isa = PBXBuildFile; fileRef = F59D38E723980FC0008016B7 /* PetitionTableViewCell.xib */; };
		F59D38EA239A3F98008016B7 /* PetitionDetailViewController.swift in Sources */ = {isa = PBXBuildFile; fileRef = F59D38E9239A3F98008016B7 /* PetitionDetailViewController.swift */; };
		F5C8F0172458584B000BCDEA /* Extension.swift in Sources */ = {isa = PBXBuildFile; fileRef = F5C8F0162458584B000BCDEA /* Extension.swift */; };
		F5EE04EF237EBD0E00CF73F2 /* AppDelegate.swift in Sources */ = {isa = PBXBuildFile; fileRef = F5EE04EE237EBD0E00CF73F2 /* AppDelegate.swift */; };
		F5EE04F1237EBD0E00CF73F2 /* SceneDelegate.swift in Sources */ = {isa = PBXBuildFile; fileRef = F5EE04F0237EBD0E00CF73F2 /* SceneDelegate.swift */; };
		F5EE04F6237EBD0E00CF73F2 /* Main.storyboard in Resources */ = {isa = PBXBuildFile; fileRef = F5EE04F4237EBD0E00CF73F2 /* Main.storyboard */; };
		F5EE04F8237EBD1000CF73F2 /* Assets.xcassets in Resources */ = {isa = PBXBuildFile; fileRef = F5EE04F7237EBD1000CF73F2 /* Assets.xcassets */; };
		F5EE04FB237EBD1000CF73F2 /* LaunchScreen.storyboard in Resources */ = {isa = PBXBuildFile; fileRef = F5EE04F9237EBD1000CF73F2 /* LaunchScreen.storyboard */; };
		F5EE0503237EBDAD00CF73F2 /* PetitionTableViewController.swift in Sources */ = {isa = PBXBuildFile; fileRef = F5EE0502237EBDAD00CF73F2 /* PetitionTableViewController.swift */; };
		F5EE0505237EBDC200CF73F2 /* PetitionModel.swift in Sources */ = {isa = PBXBuildFile; fileRef = F5EE0504237EBDC200CF73F2 /* PetitionModel.swift */; };
		F5EE0507237EC65C00CF73F2 /* PetitionTableViewCell.swift in Sources */ = {isa = PBXBuildFile; fileRef = F5EE0506237EC65C00CF73F2 /* PetitionTableViewCell.swift */; };
		F5F3F602245DBC8E00C9FEA4 /* VersionUpdate.swift in Sources */ = {isa = PBXBuildFile; fileRef = F5F3F601245DBC8E00C9FEA4 /* VersionUpdate.swift */; };
		F5F3F609245EFA8700C9FEA4 /* NotificationCenter.framework in Frameworks */ = {isa = PBXBuildFile; fileRef = F5F3F608245EFA8700C9FEA4 /* NotificationCenter.framework */; };
		F5F3F60C245EFA8700C9FEA4 /* TodayViewController.swift in Sources */ = {isa = PBXBuildFile; fileRef = F5F3F60B245EFA8700C9FEA4 /* TodayViewController.swift */; };
		F5F3F60F245EFA8700C9FEA4 /* MainInterface.storyboard in Resources */ = {isa = PBXBuildFile; fileRef = F5F3F60D245EFA8700C9FEA4 /* MainInterface.storyboard */; };
		F5F3F613245EFA8700C9FEA4 /* COVIDtracker.appex in Embed App Extensions */ = {isa = PBXBuildFile; fileRef = F5F3F607245EFA8700C9FEA4 /* COVIDtracker.appex */; settings = {ATTRIBUTES = (RemoveHeadersOnCopy, ); }; };
		F5F3F618245F0B0800C9FEA4 /* Assets.xcassets in Resources */ = {isa = PBXBuildFile; fileRef = F5EE04F7237EBD1000CF73F2 /* Assets.xcassets */; };
		F5F3F61A245F15DF00C9FEA4 /* TodayViewCell.swift in Sources */ = {isa = PBXBuildFile; fileRef = F5F3F619245F15DF00C9FEA4 /* TodayViewCell.swift */; };
		F5F3F61C245F311700C9FEA4 /* Sample.plist in Resources */ = {isa = PBXBuildFile; fileRef = F5F3F61B245F311700C9FEA4 /* Sample.plist */; };
		F5F3F61F245F478100C9FEA4 /* CovidAPI.swift in Sources */ = {isa = PBXBuildFile; fileRef = F5F3F61E245F478100C9FEA4 /* CovidAPI.swift */; };
		F5F3F620245F488B00C9FEA4 /* CovidAPI.swift in Sources */ = {isa = PBXBuildFile; fileRef = F5F3F61E245F478100C9FEA4 /* CovidAPI.swift */; };
		F5F3F622245F48AB00C9FEA4 /* CovidResponse.swift in Sources */ = {isa = PBXBuildFile; fileRef = F5F3F621245F48AB00C9FEA4 /* CovidResponse.swift */; };
		F5F3F623245F492300C9FEA4 /* CovidResponse.swift in Sources */ = {isa = PBXBuildFile; fileRef = F5F3F621245F48AB00C9FEA4 /* CovidResponse.swift */; };
/* End PBXBuildFile section */

/* Begin PBXContainerItemProxy section */
		F5F3F611245EFA8700C9FEA4 /* PBXContainerItemProxy */ = {
			isa = PBXContainerItemProxy;
			containerPortal = F5EE04E3237EBD0E00CF73F2 /* Project object */;
			proxyType = 1;
			remoteGlobalIDString = F5F3F606245EFA8700C9FEA4;
			remoteInfo = "COVIDtracker Widget";
		};
/* End PBXContainerItemProxy section */

/* Begin PBXCopyFilesBuildPhase section */
		F5F3F617245EFA8700C9FEA4 /* Embed App Extensions */ = {
			isa = PBXCopyFilesBuildPhase;
			buildActionMask = 2147483647;
			dstPath = "";
			dstSubfolderSpec = 13;
			files = (
				F5F3F613245EFA8700C9FEA4 /* COVIDtracker.appex in Embed App Extensions */,
			);
			name = "Embed App Extensions";
			runOnlyForDeploymentPostprocessing = 0;
		};
/* End PBXCopyFilesBuildPhase section */

/* Begin PBXFileReference section */
		1419C5CCDB38ED6EEA44633B /* Pods-COVIDtracker.debug.xcconfig */ = {isa = PBXFileReference; includeInIndex = 1; lastKnownFileType = text.xcconfig; name = "Pods-COVIDtracker.debug.xcconfig"; path = "Target Support Files/Pods-COVIDtracker/Pods-COVIDtracker.debug.xcconfig"; sourceTree = "<group>"; };
		1BF197E7682C9B2A14B99FF5 /* Pods-COVIDtracker.release.xcconfig */ = {isa = PBXFileReference; includeInIndex = 1; lastKnownFileType = text.xcconfig; name = "Pods-COVIDtracker.release.xcconfig"; path = "Target Support Files/Pods-COVIDtracker/Pods-COVIDtracker.release.xcconfig"; sourceTree = "<group>"; };
		DBDCD325D99AFBBEAC8A3A22 /* Pods_COVIDtracker.framework */ = {isa = PBXFileReference; explicitFileType = wrapper.framework; includeInIndex = 0; path = Pods_COVIDtracker.framework; sourceTree = BUILT_PRODUCTS_DIR; };
		F510F18424224195006A628F /* Default-568h@2x.png */ = {isa = PBXFileReference; lastKnownFileType = image.png; path = "Default-568h@2x.png"; sourceTree = "<group>"; };
		F510F1862423FAC2006A628F /* IndiaDetailCell.xib */ = {isa = PBXFileReference; lastKnownFileType = file.xib; path = IndiaDetailCell.xib; sourceTree = "<group>"; };
		F510F1882423FAE1006A628F /* IndiaDetailCell.swift */ = {isa = PBXFileReference; lastKnownFileType = sourcecode.swift; path = IndiaDetailCell.swift; sourceTree = "<group>"; };
		F53B87EA2444555D00330305 /* IndiaTableViewController.swift */ = {isa = PBXFileReference; lastKnownFileType = sourcecode.swift; path = IndiaTableViewController.swift; sourceTree = "<group>"; };
		F53B87EC24445B3800330305 /* StateData.swift */ = {isa = PBXFileReference; lastKnownFileType = sourcecode.swift; path = StateData.swift; sourceTree = "<group>"; };
		F55AB79B242FF1C2000291D8 /* Countries.swift */ = {isa = PBXFileReference; lastKnownFileType = sourcecode.swift; path = Countries.swift; sourceTree = "<group>"; };
		F55AB79D242FF31F000291D8 /* SearchTableViewController.swift */ = {isa = PBXFileReference; lastKnownFileType = sourcecode.swift; path = SearchTableViewController.swift; sourceTree = "<group>"; };
		F55AB79F2430B996000291D8 /* CountryTableViewController.swift */ = {isa = PBXFileReference; lastKnownFileType = sourcecode.swift; path = CountryTableViewController.swift; sourceTree = "<group>"; };
		F55AB7A32430C488000291D8 /* CountryData.swift */ = {isa = PBXFileReference; lastKnownFileType = sourcecode.swift; path = CountryData.swift; sourceTree = "<group>"; };
		F59D38E723980FC0008016B7 /* PetitionTableViewCell.xib */ = {isa = PBXFileReference; lastKnownFileType = file.xib; path = PetitionTableViewCell.xib; sourceTree = "<group>"; };
		F59D38E9239A3F98008016B7 /* PetitionDetailViewController.swift */ = {isa = PBXFileReference; lastKnownFileType = sourcecode.swift; path = PetitionDetailViewController.swift; sourceTree = "<group>"; };
		F5C8F0162458584B000BCDEA /* Extension.swift */ = {isa = PBXFileReference; lastKnownFileType = sourcecode.swift; path = Extension.swift; sourceTree = "<group>"; };
		F5EE04EB237EBD0E00CF73F2 /* COVID Tracker.app */ = {isa = PBXFileReference; explicitFileType = wrapper.application; includeInIndex = 0; path = "COVID Tracker.app"; sourceTree = BUILT_PRODUCTS_DIR; };
		F5EE04EE237EBD0E00CF73F2 /* AppDelegate.swift */ = {isa = PBXFileReference; lastKnownFileType = sourcecode.swift; path = AppDelegate.swift; sourceTree = "<group>"; };
		F5EE04F0237EBD0E00CF73F2 /* SceneDelegate.swift */ = {isa = PBXFileReference; lastKnownFileType = sourcecode.swift; path = SceneDelegate.swift; sourceTree = "<group>"; };
		F5EE04F5237EBD0E00CF73F2 /* Base */ = {isa = PBXFileReference; lastKnownFileType = file.storyboard; name = Base; path = Base.lproj/Main.storyboard; sourceTree = "<group>"; };
		F5EE04F7237EBD1000CF73F2 /* Assets.xcassets */ = {isa = PBXFileReference; lastKnownFileType = folder.assetcatalog; path = Assets.xcassets; sourceTree = "<group>"; };
		F5EE04FA237EBD1000CF73F2 /* Base */ = {isa = PBXFileReference; lastKnownFileType = file.storyboard; name = Base; path = Base.lproj/LaunchScreen.storyboard; sourceTree = "<group>"; };
		F5EE04FC237EBD1000CF73F2 /* Info.plist */ = {isa = PBXFileReference; lastKnownFileType = text.plist.xml; path = Info.plist; sourceTree = "<group>"; };
		F5EE0502237EBDAD00CF73F2 /* PetitionTableViewController.swift */ = {isa = PBXFileReference; lastKnownFileType = sourcecode.swift; path = PetitionTableViewController.swift; sourceTree = "<group>"; };
		F5EE0504237EBDC200CF73F2 /* PetitionModel.swift */ = {isa = PBXFileReference; lastKnownFileType = sourcecode.swift; path = PetitionModel.swift; sourceTree = "<group>"; };
		F5EE0506237EC65C00CF73F2 /* PetitionTableViewCell.swift */ = {isa = PBXFileReference; lastKnownFileType = sourcecode.swift; path = PetitionTableViewCell.swift; sourceTree = "<group>"; };
		F5F3F601245DBC8E00C9FEA4 /* VersionUpdate.swift */ = {isa = PBXFileReference; lastKnownFileType = sourcecode.swift; path = VersionUpdate.swift; sourceTree = "<group>"; };
		F5F3F607245EFA8700C9FEA4 /* COVIDtracker.appex */ = {isa = PBXFileReference; explicitFileType = "wrapper.app-extension"; includeInIndex = 0; path = COVIDtracker.appex; sourceTree = BUILT_PRODUCTS_DIR; };
		F5F3F608245EFA8700C9FEA4 /* NotificationCenter.framework */ = {isa = PBXFileReference; lastKnownFileType = wrapper.framework; name = NotificationCenter.framework; path = System/Library/Frameworks/NotificationCenter.framework; sourceTree = SDKROOT; };
		F5F3F60B245EFA8700C9FEA4 /* TodayViewController.swift */ = {isa = PBXFileReference; lastKnownFileType = sourcecode.swift; path = TodayViewController.swift; sourceTree = "<group>"; };
		F5F3F60E245EFA8700C9FEA4 /* Base */ = {isa = PBXFileReference; lastKnownFileType = file.storyboard; name = Base; path = Base.lproj/MainInterface.storyboard; sourceTree = "<group>"; };
		F5F3F610245EFA8700C9FEA4 /* Info.plist */ = {isa = PBXFileReference; lastKnownFileType = text.plist.xml; path = Info.plist; sourceTree = "<group>"; };
		F5F3F619245F15DF00C9FEA4 /* TodayViewCell.swift */ = {isa = PBXFileReference; lastKnownFileType = sourcecode.swift; path = TodayViewCell.swift; sourceTree = "<group>"; };
		F5F3F61B245F311700C9FEA4 /* Sample.plist */ = {isa = PBXFileReference; lastKnownFileType = text.plist.xml; path = Sample.plist; sourceTree = "<group>"; };
		F5F3F61E245F478100C9FEA4 /* CovidAPI.swift */ = {isa = PBXFileReference; lastKnownFileType = sourcecode.swift; path = CovidAPI.swift; sourceTree = "<group>"; };
		F5F3F621245F48AB00C9FEA4 /* CovidResponse.swift */ = {isa = PBXFileReference; lastKnownFileType = sourcecode.swift; path = CovidResponse.swift; sourceTree = "<group>"; };
/* End PBXFileReference section */

/* Begin PBXFrameworksBuildPhase section */
		F5EE04E8237EBD0E00CF73F2 /* Frameworks */ = {
			isa = PBXFrameworksBuildPhase;
			buildActionMask = 2147483647;
			files = (
				6D0E3D59234B7BA983CF022B /* Pods_COVIDtracker.framework in Frameworks */,
			);
			runOnlyForDeploymentPostprocessing = 0;
		};
		F5F3F604245EFA8700C9FEA4 /* Frameworks */ = {
			isa = PBXFrameworksBuildPhase;
			buildActionMask = 2147483647;
			files = (
				F5F3F609245EFA8700C9FEA4 /* NotificationCenter.framework in Frameworks */,
			);
			runOnlyForDeploymentPostprocessing = 0;
		};
/* End PBXFrameworksBuildPhase section */

/* Begin PBXGroup section */
		57416F7377397F357078BE40 /* Frameworks */ = {
			isa = PBXGroup;
			children = (
				DBDCD325D99AFBBEAC8A3A22 /* Pods_COVIDtracker.framework */,
				F5F3F608245EFA8700C9FEA4 /* NotificationCenter.framework */,
			);
			name = Frameworks;
			sourceTree = "<group>";
		};
		D9260F71E00CD1FD242D305C /* Pods */ = {
			isa = PBXGroup;
			children = (
				1419C5CCDB38ED6EEA44633B /* Pods-COVIDtracker.debug.xcconfig */,
				1BF197E7682C9B2A14B99FF5 /* Pods-COVIDtracker.release.xcconfig */,
			);
			path = Pods;
			sourceTree = "<group>";
		};
		F510F17F242238D9006A628F /* Model */ = {
			isa = PBXGroup;
			children = (
				F5EE0504237EBDC200CF73F2 /* PetitionModel.swift */,
				F5EE04F0237EBD0E00CF73F2 /* SceneDelegate.swift */,
				F55AB79B242FF1C2000291D8 /* Countries.swift */,
				F55AB7A32430C488000291D8 /* CountryData.swift */,
				F53B87EC24445B3800330305 /* StateData.swift */,
			);
			path = Model;
			sourceTree = "<group>";
		};
		F510F180242238F1006A628F /* View */ = {
			isa = PBXGroup;
			children = (
				F5EE04F4237EBD0E00CF73F2 /* Main.storyboard */,
			);
			path = View;
			sourceTree = "<group>";
		};
		F510F18224223909006A628F /* Controller */ = {
			isa = PBXGroup;
			children = (
				F59D38E9239A3F98008016B7 /* PetitionDetailViewController.swift */,
				F5EE0502237EBDAD00CF73F2 /* PetitionTableViewController.swift */,
				F55AB79D242FF31F000291D8 /* SearchTableViewController.swift */,
				F55AB79F2430B996000291D8 /* CountryTableViewController.swift */,
				F53B87EA2444555D00330305 /* IndiaTableViewController.swift */,
			);
			path = Controller;
			sourceTree = "<group>";
		};
		F510F1832422393E006A628F /* Custom Cell */ = {
			isa = PBXGroup;
			children = (
				F5EE0506237EC65C00CF73F2 /* PetitionTableViewCell.swift */,
				F59D38E723980FC0008016B7 /* PetitionTableViewCell.xib */,
				F510F1862423FAC2006A628F /* IndiaDetailCell.xib */,
				F510F1882423FAE1006A628F /* IndiaDetailCell.swift */,
			);
			path = "Custom Cell";
			sourceTree = "<group>";
		};
		F5C8F01524585829000BCDEA /* Utils */ = {
			isa = PBXGroup;
			children = (
				F5C8F0162458584B000BCDEA /* Extension.swift */,
				F5F3F601245DBC8E00C9FEA4 /* VersionUpdate.swift */,
			);
			path = Utils;
			sourceTree = "<group>";
		};
		F5EE04E2237EBD0E00CF73F2 = {
			isa = PBXGroup;
			children = (
				F510F18424224195006A628F /* Default-568h@2x.png */,
				F5EE04ED237EBD0E00CF73F2 /* COVIDtracker */,
				F5F3F60A245EFA8700C9FEA4 /* COVIDtracker Widget */,
				F5EE04EC237EBD0E00CF73F2 /* Products */,
				D9260F71E00CD1FD242D305C /* Pods */,
				57416F7377397F357078BE40 /* Frameworks */,
			);
			sourceTree = "<group>";
		};
		F5EE04EC237EBD0E00CF73F2 /* Products */ = {
			isa = PBXGroup;
			children = (
				F5EE04EB237EBD0E00CF73F2 /* COVID Tracker.app */,
				F5F3F607245EFA8700C9FEA4 /* COVIDtracker.appex */,
			);
			name = Products;
			sourceTree = "<group>";
		};
		F5EE04ED237EBD0E00CF73F2 /* COVIDtracker */ = {
			isa = PBXGroup;
			children = (
				F5F3F61D245F475500C9FEA4 /* API */,
				F5EE04FC237EBD1000CF73F2 /* Info.plist */,
				F5EE04EE237EBD0E00CF73F2 /* AppDelegate.swift */,
				F5EE04F7237EBD1000CF73F2 /* Assets.xcassets */,
				F510F18224223909006A628F /* Controller */,
				F510F1832422393E006A628F /* Custom Cell */,
				F5EE04F9237EBD1000CF73F2 /* LaunchScreen.storyboard */,
				F510F17F242238D9006A628F /* Model */,
				F510F180242238F1006A628F /* View */,
				F5C8F01524585829000BCDEA /* Utils */,
			);
			path = COVIDtracker;
			sourceTree = "<group>";
		};
		F5F3F60A245EFA8700C9FEA4 /* COVIDtracker Widget */ = {
			isa = PBXGroup;
			children = (
				F5F3F60B245EFA8700C9FEA4 /* TodayViewController.swift */,
				F5F3F60D245EFA8700C9FEA4 /* MainInterface.storyboard */,
				F5F3F610245EFA8700C9FEA4 /* Info.plist */,
				F5F3F619245F15DF00C9FEA4 /* TodayViewCell.swift */,
				F5F3F61B245F311700C9FEA4 /* Sample.plist */,
			);
			path = "COVIDtracker Widget";
			sourceTree = "<group>";
		};
		F5F3F61D245F475500C9FEA4 /* API */ = {
			isa = PBXGroup;
			children = (
				F5F3F61E245F478100C9FEA4 /* CovidAPI.swift */,
				F5F3F621245F48AB00C9FEA4 /* CovidResponse.swift */,
			);
			path = API;
			sourceTree = "<group>";
		};
/* End PBXGroup section */

/* Begin PBXNativeTarget section */
		F5EE04EA237EBD0E00CF73F2 /* COVIDtracker */ = {
			isa = PBXNativeTarget;
			buildConfigurationList = F5EE04FF237EBD1000CF73F2 /* Build configuration list for PBXNativeTarget "COVIDtracker" */;
			buildPhases = (
				A5A4C65700CB3E3D071DE0EF /* [CP] Check Pods Manifest.lock */,
				F5EE04E7237EBD0E00CF73F2 /* Sources */,
				F5EE04E8237EBD0E00CF73F2 /* Frameworks */,
				F5EE04E9237EBD0E00CF73F2 /* Resources */,
				8ECCAB0086F604DE41F7A63B /* [CP] Embed Pods Frameworks */,
				F5F3F617245EFA8700C9FEA4 /* Embed App Extensions */,
			);
			buildRules = (
			);
			dependencies = (
				F5F3F612245EFA8700C9FEA4 /* PBXTargetDependency */,
			);
			name = COVIDtracker;
			productName = JSONCodables;
			productReference = F5EE04EB237EBD0E00CF73F2 /* COVID Tracker.app */;
			productType = "com.apple.product-type.application";
		};
		F5F3F606245EFA8700C9FEA4 /* COVIDtracker Widget */ = {
			isa = PBXNativeTarget;
			buildConfigurationList = F5F3F614245EFA8700C9FEA4 /* Build configuration list for PBXNativeTarget "COVIDtracker Widget" */;
			buildPhases = (
				F5F3F603245EFA8700C9FEA4 /* Sources */,
				F5F3F604245EFA8700C9FEA4 /* Frameworks */,
				F5F3F605245EFA8700C9FEA4 /* Resources */,
			);
			buildRules = (
			);
			dependencies = (
			);
			name = "COVIDtracker Widget";
			productName = "COVIDtracker Widget";
			productReference = F5F3F607245EFA8700C9FEA4 /* COVIDtracker.appex */;
			productType = "com.apple.product-type.app-extension";
		};
/* End PBXNativeTarget section */

/* Begin PBXProject section */
		F5EE04E3237EBD0E00CF73F2 /* Project object */ = {
			isa = PBXProject;
			attributes = {
				DefaultBuildSystemTypeForWorkspace = Original;
				LastSwiftUpdateCheck = 1130;
				LastUpgradeCheck = 1130;
				ORGANIZATIONNAME = "Prakhar Prakash Bhardwaj";
				TargetAttributes = {
					F5EE04EA237EBD0E00CF73F2 = {
						CreatedOnToolsVersion = 11.2.1;
					};
					F5F3F606245EFA8700C9FEA4 = {
						CreatedOnToolsVersion = 11.3.1;
					};
				};
			};
			buildConfigurationList = F5EE04E6237EBD0E00CF73F2 /* Build configuration list for PBXProject "COVIDtracker" */;
			compatibilityVersion = "Xcode 9.3";
			developmentRegion = en;
			hasScannedForEncodings = 0;
			knownRegions = (
				en,
				Base,
			);
			mainGroup = F5EE04E2237EBD0E00CF73F2;
			productRefGroup = F5EE04EC237EBD0E00CF73F2 /* Products */;
			projectDirPath = "";
			projectRoot = "";
			targets = (
				F5EE04EA237EBD0E00CF73F2 /* COVIDtracker */,
				F5F3F606245EFA8700C9FEA4 /* COVIDtracker Widget */,
			);
		};
/* End PBXProject section */

/* Begin PBXResourcesBuildPhase section */
		F5EE04E9237EBD0E00CF73F2 /* Resources */ = {
			isa = PBXResourcesBuildPhase;
			buildActionMask = 2147483647;
			files = (
				F510F1872423FAC2006A628F /* IndiaDetailCell.xib in Resources */,
				F5EE04FB237EBD1000CF73F2 /* LaunchScreen.storyboard in Resources */,
				F59D38E823980FC0008016B7 /* PetitionTableViewCell.xib in Resources */,
				F5EE04F8237EBD1000CF73F2 /* Assets.xcassets in Resources */,
				F510F18524224195006A628F /* Default-568h@2x.png in Resources */,
				F5EE04F6237EBD0E00CF73F2 /* Main.storyboard in Resources */,
			);
			runOnlyForDeploymentPostprocessing = 0;
		};
		F5F3F605245EFA8700C9FEA4 /* Resources */ = {
			isa = PBXResourcesBuildPhase;
			buildActionMask = 2147483647;
			files = (
				F5F3F61C245F311700C9FEA4 /* Sample.plist in Resources */,
				F5F3F618245F0B0800C9FEA4 /* Assets.xcassets in Resources */,
				F5F3F60F245EFA8700C9FEA4 /* MainInterface.storyboard in Resources */,
			);
			runOnlyForDeploymentPostprocessing = 0;
		};
/* End PBXResourcesBuildPhase section */

/* Begin PBXShellScriptBuildPhase section */
		8ECCAB0086F604DE41F7A63B /* [CP] Embed Pods Frameworks */ = {
			isa = PBXShellScriptBuildPhase;
			buildActionMask = 2147483647;
			files = (
			);
			inputFileListPaths = (
				"${PODS_ROOT}/Target Support Files/Pods-COVIDtracker/Pods-COVIDtracker-frameworks-${CONFIGURATION}-input-files.xcfilelist",
			);
			name = "[CP] Embed Pods Frameworks";
			outputFileListPaths = (
				"${PODS_ROOT}/Target Support Files/Pods-COVIDtracker/Pods-COVIDtracker-frameworks-${CONFIGURATION}-output-files.xcfilelist",
			);
			runOnlyForDeploymentPostprocessing = 0;
			shellPath = /bin/sh;
			shellScript = "\"${PODS_ROOT}/Target Support Files/Pods-COVIDtracker/Pods-COVIDtracker-frameworks.sh\"\n";
			showEnvVarsInLog = 0;
		};
		A5A4C65700CB3E3D071DE0EF /* [CP] Check Pods Manifest.lock */ = {
			isa = PBXShellScriptBuildPhase;
			buildActionMask = 2147483647;
			files = (
			);
			inputFileListPaths = (
			);
			inputPaths = (
				"${PODS_PODFILE_DIR_PATH}/Podfile.lock",
				"${PODS_ROOT}/Manifest.lock",
			);
			name = "[CP] Check Pods Manifest.lock";
			outputFileListPaths = (
			);
			outputPaths = (
				"$(DERIVED_FILE_DIR)/Pods-COVIDtracker-checkManifestLockResult.txt",
			);
			runOnlyForDeploymentPostprocessing = 0;
			shellPath = /bin/sh;
			shellScript = "diff \"${PODS_PODFILE_DIR_PATH}/Podfile.lock\" \"${PODS_ROOT}/Manifest.lock\" > /dev/null\nif [ $? != 0 ] ; then\n    # print error to STDERR\n    echo \"error: The sandbox is not in sync with the Podfile.lock. Run 'pod install' or update your CocoaPods installation.\" >&2\n    exit 1\nfi\n# This output is used by Xcode 'outputs' to avoid re-running this script phase.\necho \"SUCCESS\" > \"${SCRIPT_OUTPUT_FILE_0}\"\n";
			showEnvVarsInLog = 0;
		};
/* End PBXShellScriptBuildPhase section */

/* Begin PBXSourcesBuildPhase section */
		F5EE04E7237EBD0E00CF73F2 /* Sources */ = {
			isa = PBXSourcesBuildPhase;
			buildActionMask = 2147483647;
			files = (
				F55AB7A02430B996000291D8 /* CountryTableViewController.swift in Sources */,
				F53B87EB2444555D00330305 /* IndiaTableViewController.swift in Sources */,
				F510F1892423FAE1006A628F /* IndiaDetailCell.swift in Sources */,
				F55AB79E242FF31F000291D8 /* SearchTableViewController.swift in Sources */,
				F5EE04EF237EBD0E00CF73F2 /* AppDelegate.swift in Sources */,
				F53B87ED24445B3800330305 /* StateData.swift in Sources */,
				F5F3F622245F48AB00C9FEA4 /* CovidResponse.swift in Sources */,
				F55AB7A42430C488000291D8 /* CountryData.swift in Sources */,
				F5EE04F1237EBD0E00CF73F2 /* SceneDelegate.swift in Sources */,
				F5F3F61F245F478100C9FEA4 /* CovidAPI.swift in Sources */,
				F5F3F602245DBC8E00C9FEA4 /* VersionUpdate.swift in Sources */,
				F5EE0503237EBDAD00CF73F2 /* PetitionTableViewController.swift in Sources */,
				F5C8F0172458584B000BCDEA /* Extension.swift in Sources */,
				F5EE0505237EBDC200CF73F2 /* PetitionModel.swift in Sources */,
				F5EE0507237EC65C00CF73F2 /* PetitionTableViewCell.swift in Sources */,
				F55AB79C242FF1C2000291D8 /* Countries.swift in Sources */,
				F59D38EA239A3F98008016B7 /* PetitionDetailViewController.swift in Sources */,
			);
			runOnlyForDeploymentPostprocessing = 0;
		};
		F5F3F603245EFA8700C9FEA4 /* Sources */ = {
			isa = PBXSourcesBuildPhase;
			buildActionMask = 2147483647;
			files = (
				F5F3F61A245F15DF00C9FEA4 /* TodayViewCell.swift in Sources */,
				F5F3F60C245EFA8700C9FEA4 /* TodayViewController.swift in Sources */,
				F5F3F623245F492300C9FEA4 /* CovidResponse.swift in Sources */,
				F5F3F620245F488B00C9FEA4 /* CovidAPI.swift in Sources */,
			);
			runOnlyForDeploymentPostprocessing = 0;
		};
/* End PBXSourcesBuildPhase section */

/* Begin PBXTargetDependency section */
		F5F3F612245EFA8700C9FEA4 /* PBXTargetDependency */ = {
			isa = PBXTargetDependency;
			target = F5F3F606245EFA8700C9FEA4 /* COVIDtracker Widget */;
			targetProxy = F5F3F611245EFA8700C9FEA4 /* PBXContainerItemProxy */;
		};
/* End PBXTargetDependency section */

/* Begin PBXVariantGroup section */
		F5EE04F4237EBD0E00CF73F2 /* Main.storyboard */ = {
			isa = PBXVariantGroup;
			children = (
				F5EE04F5237EBD0E00CF73F2 /* Base */,
			);
			name = Main.storyboard;
			sourceTree = "<group>";
		};
		F5EE04F9237EBD1000CF73F2 /* LaunchScreen.storyboard */ = {
			isa = PBXVariantGroup;
			children = (
				F5EE04FA237EBD1000CF73F2 /* Base */,
			);
			name = LaunchScreen.storyboard;
			sourceTree = "<group>";
		};
		F5F3F60D245EFA8700C9FEA4 /* MainInterface.storyboard */ = {
			isa = PBXVariantGroup;
			children = (
				F5F3F60E245EFA8700C9FEA4 /* Base */,
			);
			name = MainInterface.storyboard;
			sourceTree = "<group>";
		};
/* End PBXVariantGroup section */

/* Begin XCBuildConfiguration section */
		F5EE04FD237EBD1000CF73F2 /* Debug */ = {
			isa = XCBuildConfiguration;
			buildSettings = {
				ALWAYS_SEARCH_USER_PATHS = NO;
				CLANG_ANALYZER_NONNULL = YES;
				CLANG_ANALYZER_NUMBER_OBJECT_CONVERSION = YES_AGGRESSIVE;
				CLANG_CXX_LANGUAGE_STANDARD = "gnu++14";
				CLANG_CXX_LIBRARY = "libc++";
				CLANG_ENABLE_MODULES = YES;
				CLANG_ENABLE_OBJC_ARC = YES;
				CLANG_ENABLE_OBJC_WEAK = YES;
				CLANG_WARN_BLOCK_CAPTURE_AUTORELEASING = YES;
				CLANG_WARN_BOOL_CONVERSION = YES;
				CLANG_WARN_COMMA = YES;
				CLANG_WARN_CONSTANT_CONVERSION = YES;
				CLANG_WARN_DEPRECATED_OBJC_IMPLEMENTATIONS = YES;
				CLANG_WARN_DIRECT_OBJC_ISA_USAGE = YES_ERROR;
				CLANG_WARN_DOCUMENTATION_COMMENTS = YES;
				CLANG_WARN_EMPTY_BODY = YES;
				CLANG_WARN_ENUM_CONVERSION = YES;
				CLANG_WARN_INFINITE_RECURSION = YES;
				CLANG_WARN_INT_CONVERSION = YES;
				CLANG_WARN_NON_LITERAL_NULL_CONVERSION = YES;
				CLANG_WARN_OBJC_IMPLICIT_RETAIN_SELF = YES;
				CLANG_WARN_OBJC_LITERAL_CONVERSION = YES;
				CLANG_WARN_OBJC_ROOT_CLASS = YES_ERROR;
				CLANG_WARN_RANGE_LOOP_ANALYSIS = YES;
				CLANG_WARN_STRICT_PROTOTYPES = YES;
				CLANG_WARN_SUSPICIOUS_MOVE = YES;
				CLANG_WARN_UNGUARDED_AVAILABILITY = YES_AGGRESSIVE;
				CLANG_WARN_UNREACHABLE_CODE = YES;
				CLANG_WARN__DUPLICATE_METHOD_MATCH = YES;
				COPY_PHASE_STRIP = NO;
				DEBUG_INFORMATION_FORMAT = dwarf;
				ENABLE_STRICT_OBJC_MSGSEND = YES;
				ENABLE_TESTABILITY = YES;
				GCC_C_LANGUAGE_STANDARD = gnu11;
				GCC_DYNAMIC_NO_PIC = NO;
				GCC_NO_COMMON_BLOCKS = YES;
				GCC_OPTIMIZATION_LEVEL = 0;
				GCC_PREPROCESSOR_DEFINITIONS = (
					"DEBUG=1",
					"$(inherited)",
				);
				GCC_WARN_64_TO_32_BIT_CONVERSION = YES;
				GCC_WARN_ABOUT_RETURN_TYPE = YES_ERROR;
				GCC_WARN_UNDECLARED_SELECTOR = YES;
				GCC_WARN_UNINITIALIZED_AUTOS = YES_AGGRESSIVE;
				GCC_WARN_UNUSED_FUNCTION = YES;
				GCC_WARN_UNUSED_VARIABLE = YES;
				IPHONEOS_DEPLOYMENT_TARGET = 13.2;
				MTL_ENABLE_DEBUG_INFO = INCLUDE_SOURCE;
				MTL_FAST_MATH = YES;
				ONLY_ACTIVE_ARCH = YES;
				SDKROOT = iphoneos;
				SWIFT_ACTIVE_COMPILATION_CONDITIONS = DEBUG;
				SWIFT_OPTIMIZATION_LEVEL = "-Onone";
			};
			name = Debug;
		};
		F5EE04FE237EBD1000CF73F2 /* Release */ = {
			isa = XCBuildConfiguration;
			buildSettings = {
				ALWAYS_SEARCH_USER_PATHS = NO;
				CLANG_ANALYZER_NONNULL = YES;
				CLANG_ANALYZER_NUMBER_OBJECT_CONVERSION = YES_AGGRESSIVE;
				CLANG_CXX_LANGUAGE_STANDARD = "gnu++14";
				CLANG_CXX_LIBRARY = "libc++";
				CLANG_ENABLE_MODULES = YES;
				CLANG_ENABLE_OBJC_ARC = YES;
				CLANG_ENABLE_OBJC_WEAK = YES;
				CLANG_WARN_BLOCK_CAPTURE_AUTORELEASING = YES;
				CLANG_WARN_BOOL_CONVERSION = YES;
				CLANG_WARN_COMMA = YES;
				CLANG_WARN_CONSTANT_CONVERSION = YES;
				CLANG_WARN_DEPRECATED_OBJC_IMPLEMENTATIONS = YES;
				CLANG_WARN_DIRECT_OBJC_ISA_USAGE = YES_ERROR;
				CLANG_WARN_DOCUMENTATION_COMMENTS = YES;
				CLANG_WARN_EMPTY_BODY = YES;
				CLANG_WARN_ENUM_CONVERSION = YES;
				CLANG_WARN_INFINITE_RECURSION = YES;
				CLANG_WARN_INT_CONVERSION = YES;
				CLANG_WARN_NON_LITERAL_NULL_CONVERSION = YES;
				CLANG_WARN_OBJC_IMPLICIT_RETAIN_SELF = YES;
				CLANG_WARN_OBJC_LITERAL_CONVERSION = YES;
				CLANG_WARN_OBJC_ROOT_CLASS = YES_ERROR;
				CLANG_WARN_RANGE_LOOP_ANALYSIS = YES;
				CLANG_WARN_STRICT_PROTOTYPES = YES;
				CLANG_WARN_SUSPICIOUS_MOVE = YES;
				CLANG_WARN_UNGUARDED_AVAILABILITY = YES_AGGRESSIVE;
				CLANG_WARN_UNREACHABLE_CODE = YES;
				CLANG_WARN__DUPLICATE_METHOD_MATCH = YES;
				COPY_PHASE_STRIP = NO;
				DEBUG_INFORMATION_FORMAT = "dwarf-with-dsym";
				ENABLE_NS_ASSERTIONS = NO;
				ENABLE_STRICT_OBJC_MSGSEND = YES;
				GCC_C_LANGUAGE_STANDARD = gnu11;
				GCC_NO_COMMON_BLOCKS = YES;
				GCC_WARN_64_TO_32_BIT_CONVERSION = YES;
				GCC_WARN_ABOUT_RETURN_TYPE = YES_ERROR;
				GCC_WARN_UNDECLARED_SELECTOR = YES;
				GCC_WARN_UNINITIALIZED_AUTOS = YES_AGGRESSIVE;
				GCC_WARN_UNUSED_FUNCTION = YES;
				GCC_WARN_UNUSED_VARIABLE = YES;
				IPHONEOS_DEPLOYMENT_TARGET = 13.2;
				MTL_ENABLE_DEBUG_INFO = NO;
				MTL_FAST_MATH = YES;
				SDKROOT = iphoneos;
				SWIFT_COMPILATION_MODE = wholemodule;
				SWIFT_OPTIMIZATION_LEVEL = "-O";
				VALIDATE_PRODUCT = YES;
			};
			name = Release;
		};
		F5EE0500237EBD1000CF73F2 /* Debug */ = {
			isa = XCBuildConfiguration;
			baseConfigurationReference = 1419C5CCDB38ED6EEA44633B /* Pods-COVIDtracker.debug.xcconfig */;
			buildSettings = {
				ALWAYS_EMBED_SWIFT_STANDARD_LIBRARIES = YES;
				ASSETCATALOG_COMPILER_APPICON_NAME = AppIcon;
				CODE_SIGN_STYLE = Automatic;
				DEVELOPMENT_TEAM = C338829J44;
				INFOPLIST_FILE = "$(SRCROOT)/COVIDtracker/Info.plist";
				LD_RUNPATH_SEARCH_PATHS = (
					"$(inherited)",
					"@executable_path/Frameworks",
				);
				MARKETING_VERSION = 1.0;
				PRODUCT_BUNDLE_IDENTIFIER = com.PrakharPrakashBhardwaj.COVIDtracker;
				PRODUCT_NAME = "COVID Tracker";
				SWIFT_VERSION = 5.0;
				TARGETED_DEVICE_FAMILY = "1,2";
			};
			name = Debug;
		};
		F5EE0501237EBD1000CF73F2 /* Release */ = {
			isa = XCBuildConfiguration;
			baseConfigurationReference = 1BF197E7682C9B2A14B99FF5 /* Pods-COVIDtracker.release.xcconfig */;
			buildSettings = {
				ALWAYS_EMBED_SWIFT_STANDARD_LIBRARIES = YES;
				ASSETCATALOG_COMPILER_APPICON_NAME = AppIcon;
				CODE_SIGN_STYLE = Automatic;
				DEVELOPMENT_TEAM = C338829J44;
				INFOPLIST_FILE = "$(SRCROOT)/COVIDtracker/Info.plist";
				LD_RUNPATH_SEARCH_PATHS = (
					"$(inherited)",
					"@executable_path/Frameworks",
				);
				MARKETING_VERSION = 1.0;
				PRODUCT_BUNDLE_IDENTIFIER = com.PrakharPrakashBhardwaj.COVIDtracker;
				PRODUCT_NAME = "COVID Tracker";
				SWIFT_VERSION = 5.0;
				TARGETED_DEVICE_FAMILY = "1,2";
			};
			name = Release;
		};
		F5F3F615245EFA8700C9FEA4 /* Debug */ = {
			isa = XCBuildConfiguration;
			buildSettings = {
				CODE_SIGN_STYLE = Automatic;
				DEVELOPMENT_TEAM = C338829J44;
				INFOPLIST_FILE = "COVIDtracker Widget/Info.plist";
				LD_RUNPATH_SEARCH_PATHS = (
					"$(inherited)",
					"@executable_path/Frameworks",
					"@executable_path/../../Frameworks",
				);
				MARKETING_VERSION = 1.4;
				PRODUCT_BUNDLE_IDENTIFIER = "com.PrakharPrakashBhardwaj.COVIDtracker.COVIDtracker-Widget";
				PRODUCT_NAME = COVIDtracker;
				SKIP_INSTALL = YES;
				SWIFT_VERSION = 5.0;
				TARGETED_DEVICE_FAMILY = "1,2";
			};
			name = Debug;
		};
		F5F3F616245EFA8700C9FEA4 /* Release */ = {
			isa = XCBuildConfiguration;
			buildSettings = {
				CODE_SIGN_STYLE = Automatic;
				DEVELOPMENT_TEAM = C338829J44;
				INFOPLIST_FILE = "COVIDtracker Widget/Info.plist";
				LD_RUNPATH_SEARCH_PATHS = (
					"$(inherited)",
					"@executable_path/Frameworks",
					"@executable_path/../../Frameworks",
				);
				MARKETING_VERSION = 1.4;
				PRODUCT_BUNDLE_IDENTIFIER = "com.PrakharPrakashBhardwaj.COVIDtracker.COVIDtracker-Widget";
				PRODUCT_NAME = COVIDtracker;
				SKIP_INSTALL = YES;
				SWIFT_VERSION = 5.0;
				TARGETED_DEVICE_FAMILY = "1,2";
			};
			name = Release;
		};
/* End XCBuildConfiguration section */

/* Begin XCConfigurationList section */
		F5EE04E6237EBD0E00CF73F2 /* Build configuration list for PBXProject "COVIDtracker" */ = {
			isa = XCConfigurationList;
			buildConfigurations = (
				F5EE04FD237EBD1000CF73F2 /* Debug */,
				F5EE04FE237EBD1000CF73F2 /* Release */,
			);
			defaultConfigurationIsVisible = 0;
			defaultConfigurationName = Release;
		};
		F5EE04FF237EBD1000CF73F2 /* Build configuration list for PBXNativeTarget "COVIDtracker" */ = {
			isa = XCConfigurationList;
			buildConfigurations = (
				F5EE0500237EBD1000CF73F2 /* Debug */,
				F5EE0501237EBD1000CF73F2 /* Release */,
			);
			defaultConfigurationIsVisible = 0;
			defaultConfigurationName = Release;
		};
		F5F3F614245EFA8700C9FEA4 /* Build configuration list for PBXNativeTarget "COVIDtracker Widget" */ = {
			isa = XCConfigurationList;
			buildConfigurations = (
				F5F3F615245EFA8700C9FEA4 /* Debug */,
				F5F3F616245EFA8700C9FEA4 /* Release */,
			);
			defaultConfigurationIsVisible = 0;
			defaultConfigurationName = Release;
		};
/* End XCConfigurationList section */
	};
	rootObject = F5EE04E3237EBD0E00CF73F2 /* Project object */;
}
